// !$*UTF8*$!
{
	archiveVersion = 1;
	classes = {
	};
	objectVersion = 51;
	objects = {

/* Begin PBXBuildFile section */
		2F134A062457179C009CDDAF /* ChatsTableViewController.swift in Sources */ = {isa = PBXBuildFile; fileRef = 2F134A052457179C009CDDAF /* ChatsTableViewController.swift */; };
		2F3623E9245DF8B200895DE0 /* IndividualNumber.swift in Sources */ = {isa = PBXBuildFile; fileRef = 2F3623E8245DF8B200895DE0 /* IndividualNumber.swift */; };
		2F3623EB245DFD7D00895DE0 /* UIVIewExtensions.swift in Sources */ = {isa = PBXBuildFile; fileRef = 2F3623EA245DFD7D00895DE0 /* UIVIewExtensions.swift */; };
		2F3C1D3B2452F4360077C24F /* Validation.swift in Sources */ = {isa = PBXBuildFile; fileRef = 2F3C1D3A2452F4360077C24F /* Validation.swift */; };
		2F3C1D4B2452FF140077C24F /* ValidationTest.swift in Sources */ = {isa = PBXBuildFile; fileRef = 2F3C1D4A2452FF140077C24F /* ValidationTest.swift */; };
		2F3C1D4D24531DEF0077C24F /* ProfileViewController.swift in Sources */ = {isa = PBXBuildFile; fileRef = 2F3C1D4C24531DEF0077C24F /* ProfileViewController.swift */; };
		2F42D22E245DBC930092E367 /* ResentlyTableViewController.swift in Sources */ = {isa = PBXBuildFile; fileRef = 2F42D22D245DBC930092E367 /* ResentlyTableViewController.swift */; };
		2F47DEBA24587D3B00CF5A84 /* ChatViewController.swift in Sources */ = {isa = PBXBuildFile; fileRef = 2F47DEB924587D3B00CF5A84 /* ChatViewController.swift */; };
		2F47DEBC24587E2500CF5A84 /* Message.swift in Sources */ = {isa = PBXBuildFile; fileRef = 2F47DEBB24587E2500CF5A84 /* Message.swift */; };
		2F50CC1524507A310037FD47 /* GoogleService-Info.plist in Resources */ = {isa = PBXBuildFile; fileRef = 2F50CC1424507A310037FD47 /* GoogleService-Info.plist */; };
		2F50CC172450BEFC0037FD47 /* RegistrationViewController.swift in Sources */ = {isa = PBXBuildFile; fileRef = 2F50CC162450BEFC0037FD47 /* RegistrationViewController.swift */; };
		2F75D3CB2457007700A1AC2C /* TabBarController.swift in Sources */ = {isa = PBXBuildFile; fileRef = 2F75D3CA2457007700A1AC2C /* TabBarController.swift */; };
		2F8836822451C8D700EF8683 /* Keyboard.swift in Sources */ = {isa = PBXBuildFile; fileRef = 2F8836812451C8D700EF8683 /* Keyboard.swift */; };
		2F8836872451F5AD00EF8683 /* DataDelegate.swift in Sources */ = {isa = PBXBuildFile; fileRef = 2F8836862451F5AD00EF8683 /* DataDelegate.swift */; };
		2F92877F2458333600308166 /* DatabaseRepresentation.swift in Sources */ = {isa = PBXBuildFile; fileRef = 2F92877E2458333600308166 /* DatabaseRepresentation.swift */; };
		2F9287812458338200308166 /* Chat.swift in Sources */ = {isa = PBXBuildFile; fileRef = 2F9287802458338200308166 /* Chat.swift */; };
		2F9F481A244DD6F9004AC276 /* AppDelegate.swift in Sources */ = {isa = PBXBuildFile; fileRef = 2F9F4819244DD6F9004AC276 /* AppDelegate.swift */; };
		2F9F481C244DD6F9004AC276 /* SceneDelegate.swift in Sources */ = {isa = PBXBuildFile; fileRef = 2F9F481B244DD6F9004AC276 /* SceneDelegate.swift */; };
		2F9F4821244DD6F9004AC276 /* Main.storyboard in Resources */ = {isa = PBXBuildFile; fileRef = 2F9F481F244DD6F9004AC276 /* Main.storyboard */; };
		2F9F4823244DD6FD004AC276 /* Assets.xcassets in Resources */ = {isa = PBXBuildFile; fileRef = 2F9F4822244DD6FD004AC276 /* Assets.xcassets */; };
		2F9F4826244DD6FD004AC276 /* LaunchScreen.storyboard in Resources */ = {isa = PBXBuildFile; fileRef = 2F9F4824244DD6FD004AC276 /* LaunchScreen.storyboard */; };
		2F9F4830244DDCA4004AC276 /* LoginViewController.swift in Sources */ = {isa = PBXBuildFile; fileRef = 2F9F482F244DDCA4004AC276 /* LoginViewController.swift */; };
		2FA40055245F72E00062FF8A /* ChatsCollectionViewController.swift in Sources */ = {isa = PBXBuildFile; fileRef = 2FA40054245F72E00062FF8A /* ChatsCollectionViewController.swift */; };
		2FCAE8D1245C4694004B7014 /* ChatViewExtensions.swift in Sources */ = {isa = PBXBuildFile; fileRef = 2FCAE8D0245C4694004B7014 /* ChatViewExtensions.swift */; };
		2FCAE8D3245C46FA004B7014 /* UIScrollViewExtensions.swift in Sources */ = {isa = PBXBuildFile; fileRef = 2FCAE8D2245C46FA004B7014 /* UIScrollViewExtensions.swift */; };
		2FCAE8D5245C4CB7004B7014 /* UIColorExtensions.swift in Sources */ = {isa = PBXBuildFile; fileRef = 2FCAE8D4245C4CB7004B7014 /* UIColorExtensions.swift */; };
		2FCC01832460C07100FA0E48 /* TableColleCollectionViewCell.swift in Sources */ = {isa = PBXBuildFile; fileRef = 2FCC01812460C07100FA0E48 /* TableColleCollectionViewCell.swift */; };
		2FCC01842460C07100FA0E48 /* TableColleCollectionViewCell.xib in Resources */ = {isa = PBXBuildFile; fileRef = 2FCC01822460C07100FA0E48 /* TableColleCollectionViewCell.xib */; };
		2FF932E7246089BC0054F2BB /* ScrollViewController.swift in Sources */ = {isa = PBXBuildFile; fileRef = 2FF932E6246089BC0054F2BB /* ScrollViewController.swift */; };
		3E8C1C4DBCB23A4B3B98296C /* Pods_SClub.framework in Frameworks */ = {isa = PBXBuildFile; fileRef = 334695ECD602ED345A3F77DD /* Pods_SClub.framework */; };
/* End PBXBuildFile section */

/* Begin PBXContainerItemProxy section */
		2F3C1D452452FEAD0077C24F /* PBXContainerItemProxy */ = {
			isa = PBXContainerItemProxy;
			containerPortal = 2F9F480E244DD6F9004AC276 /* Project object */;
			proxyType = 1;
			remoteGlobalIDString = 2F9F4815244DD6F9004AC276;
			remoteInfo = SClub;
		};
/* End PBXContainerItemProxy section */

/* Begin PBXFileReference section */
		0C7663CBDEC687EECC57D88C /* Pods-SClub.release.xcconfig */ = {isa = PBXFileReference; includeInIndex = 1; lastKnownFileType = text.xcconfig; name = "Pods-SClub.release.xcconfig"; path = "Target Support Files/Pods-SClub/Pods-SClub.release.xcconfig"; sourceTree = "<group>"; };
		2A6519A1C9235177B25B8524 /* Pods-SClub.debug.xcconfig */ = {isa = PBXFileReference; includeInIndex = 1; lastKnownFileType = text.xcconfig; name = "Pods-SClub.debug.xcconfig"; path = "Target Support Files/Pods-SClub/Pods-SClub.debug.xcconfig"; sourceTree = "<group>"; };
		2F134A052457179C009CDDAF /* ChatsTableViewController.swift */ = {isa = PBXFileReference; lastKnownFileType = sourcecode.swift; path = ChatsTableViewController.swift; sourceTree = "<group>"; };
		2F3623E8245DF8B200895DE0 /* IndividualNumber.swift */ = {isa = PBXFileReference; lastKnownFileType = sourcecode.swift; path = IndividualNumber.swift; sourceTree = "<group>"; };
		2F3623EA245DFD7D00895DE0 /* UIVIewExtensions.swift */ = {isa = PBXFileReference; lastKnownFileType = sourcecode.swift; path = UIVIewExtensions.swift; sourceTree = "<group>"; };
		2F3C1D3A2452F4360077C24F /* Validation.swift */ = {isa = PBXFileReference; lastKnownFileType = sourcecode.swift; path = Validation.swift; sourceTree = "<group>"; };
		2F3C1D402452FEAD0077C24F /* SClubTests.xctest */ = {isa = PBXFileReference; explicitFileType = wrapper.cfbundle; includeInIndex = 0; path = SClubTests.xctest; sourceTree = BUILT_PRODUCTS_DIR; };
		2F3C1D442452FEAD0077C24F /* Info.plist */ = {isa = PBXFileReference; lastKnownFileType = text.plist.xml; path = Info.plist; sourceTree = "<group>"; };
		2F3C1D4A2452FF140077C24F /* ValidationTest.swift */ = {isa = PBXFileReference; lastKnownFileType = sourcecode.swift; path = ValidationTest.swift; sourceTree = "<group>"; };
		2F3C1D4C24531DEF0077C24F /* ProfileViewController.swift */ = {isa = PBXFileReference; lastKnownFileType = sourcecode.swift; path = ProfileViewController.swift; sourceTree = "<group>"; };
		2F42D22D245DBC930092E367 /* ResentlyTableViewController.swift */ = {isa = PBXFileReference; lastKnownFileType = sourcecode.swift; path = ResentlyTableViewController.swift; sourceTree = "<group>"; };
		2F47DEB924587D3B00CF5A84 /* ChatViewController.swift */ = {isa = PBXFileReference; lastKnownFileType = sourcecode.swift; path = ChatViewController.swift; sourceTree = "<group>"; };
		2F47DEBB24587E2500CF5A84 /* Message.swift */ = {isa = PBXFileReference; lastKnownFileType = sourcecode.swift; path = Message.swift; sourceTree = "<group>"; };
		2F50CC1424507A310037FD47 /* GoogleService-Info.plist */ = {isa = PBXFileReference; fileEncoding = 4; lastKnownFileType = text.plist.xml; path = "GoogleService-Info.plist"; sourceTree = "<group>"; };
		2F50CC162450BEFC0037FD47 /* RegistrationViewController.swift */ = {isa = PBXFileReference; lastKnownFileType = sourcecode.swift; path = RegistrationViewController.swift; sourceTree = "<group>"; };
		2F75D3CA2457007700A1AC2C /* TabBarController.swift */ = {isa = PBXFileReference; lastKnownFileType = sourcecode.swift; path = TabBarController.swift; sourceTree = "<group>"; };
		2F8836812451C8D700EF8683 /* Keyboard.swift */ = {isa = PBXFileReference; lastKnownFileType = sourcecode.swift; path = Keyboard.swift; sourceTree = "<group>"; };
		2F8836862451F5AD00EF8683 /* DataDelegate.swift */ = {isa = PBXFileReference; lastKnownFileType = sourcecode.swift; path = DataDelegate.swift; sourceTree = "<group>"; };
		2F92877E2458333600308166 /* DatabaseRepresentation.swift */ = {isa = PBXFileReference; lastKnownFileType = sourcecode.swift; path = DatabaseRepresentation.swift; sourceTree = "<group>"; };
		2F9287802458338200308166 /* Chat.swift */ = {isa = PBXFileReference; lastKnownFileType = sourcecode.swift; path = Chat.swift; sourceTree = "<group>"; };
		2F9F4816244DD6F9004AC276 /* SClub.app */ = {isa = PBXFileReference; explicitFileType = wrapper.application; includeInIndex = 0; path = SClub.app; sourceTree = BUILT_PRODUCTS_DIR; };
		2F9F4819244DD6F9004AC276 /* AppDelegate.swift */ = {isa = PBXFileReference; lastKnownFileType = sourcecode.swift; path = AppDelegate.swift; sourceTree = "<group>"; };
		2F9F481B244DD6F9004AC276 /* SceneDelegate.swift */ = {isa = PBXFileReference; lastKnownFileType = sourcecode.swift; path = SceneDelegate.swift; sourceTree = "<group>"; };
		2F9F4820244DD6F9004AC276 /* Base */ = {isa = PBXFileReference; lastKnownFileType = file.storyboard; name = Base; path = Base.lproj/Main.storyboard; sourceTree = "<group>"; };
		2F9F4822244DD6FD004AC276 /* Assets.xcassets */ = {isa = PBXFileReference; lastKnownFileType = folder.assetcatalog; path = Assets.xcassets; sourceTree = "<group>"; };
		2F9F4825244DD6FD004AC276 /* Base */ = {isa = PBXFileReference; lastKnownFileType = file.storyboard; name = Base; path = Base.lproj/LaunchScreen.storyboard; sourceTree = "<group>"; };
		2F9F4827244DD6FD004AC276 /* Info.plist */ = {isa = PBXFileReference; lastKnownFileType = text.plist.xml; path = Info.plist; sourceTree = "<group>"; };
		2F9F482F244DDCA4004AC276 /* LoginViewController.swift */ = {isa = PBXFileReference; lastKnownFileType = sourcecode.swift; path = LoginViewController.swift; sourceTree = "<group>"; };
		2FA40054245F72E00062FF8A /* ChatsCollectionViewController.swift */ = {isa = PBXFileReference; lastKnownFileType = sourcecode.swift; path = ChatsCollectionViewController.swift; sourceTree = "<group>"; };
		2FCAE8D0245C4694004B7014 /* ChatViewExtensions.swift */ = {isa = PBXFileReference; lastKnownFileType = sourcecode.swift; path = ChatViewExtensions.swift; sourceTree = "<group>"; };
		2FCAE8D2245C46FA004B7014 /* UIScrollViewExtensions.swift */ = {isa = PBXFileReference; lastKnownFileType = sourcecode.swift; path = UIScrollViewExtensions.swift; sourceTree = "<group>"; };
		2FCAE8D4245C4CB7004B7014 /* UIColorExtensions.swift */ = {isa = PBXFileReference; lastKnownFileType = sourcecode.swift; path = UIColorExtensions.swift; sourceTree = "<group>"; };
		2FCC01812460C07100FA0E48 /* TableColleCollectionViewCell.swift */ = {isa = PBXFileReference; lastKnownFileType = sourcecode.swift; path = TableColleCollectionViewCell.swift; sourceTree = "<group>"; };
		2FCC01822460C07100FA0E48 /* TableColleCollectionViewCell.xib */ = {isa = PBXFileReference; lastKnownFileType = file.xib; path = TableColleCollectionViewCell.xib; sourceTree = "<group>"; };
		2FF932E6246089BC0054F2BB /* ScrollViewController.swift */ = {isa = PBXFileReference; lastKnownFileType = sourcecode.swift; path = ScrollViewController.swift; sourceTree = "<group>"; };
		334695ECD602ED345A3F77DD /* Pods_SClub.framework */ = {isa = PBXFileReference; explicitFileType = wrapper.framework; includeInIndex = 0; path = Pods_SClub.framework; sourceTree = BUILT_PRODUCTS_DIR; };
/* End PBXFileReference section */

/* Begin PBXFrameworksBuildPhase section */
		2F3C1D3D2452FEAD0077C24F /* Frameworks */ = {
			isa = PBXFrameworksBuildPhase;
			buildActionMask = 2147483647;
			files = (
			);
			runOnlyForDeploymentPostprocessing = 0;
		};
		2F9F4813244DD6F9004AC276 /* Frameworks */ = {
			isa = PBXFrameworksBuildPhase;
			buildActionMask = 2147483647;
			files = (
				3E8C1C4DBCB23A4B3B98296C /* Pods_SClub.framework in Frameworks */,
			);
			runOnlyForDeploymentPostprocessing = 0;
		};
/* End PBXFrameworksBuildPhase section */

/* Begin PBXGroup section */
		18346A79559E0F46C3964F3A /* Pods */ = {
			isa = PBXGroup;
			children = (
				2A6519A1C9235177B25B8524 /* Pods-SClub.debug.xcconfig */,
				0C7663CBDEC687EECC57D88C /* Pods-SClub.release.xcconfig */,
			);
			path = Pods;
			sourceTree = "<group>";
		};
		2F3C1D412452FEAD0077C24F /* SClubTests */ = {
			isa = PBXGroup;
			children = (
				2F3C1D4A2452FF140077C24F /* ValidationTest.swift */,
				2F3C1D442452FEAD0077C24F /* Info.plist */,
			);
			path = SClubTests;
			sourceTree = "<group>";
		};
		2F75D3CE2457149100A1AC2C /* Temporary */ = {
			isa = PBXGroup;
			children = (
				2F42D22D245DBC930092E367 /* ResentlyTableViewController.swift */,
				2F134A052457179C009CDDAF /* ChatsTableViewController.swift */,
				2FF932E6246089BC0054F2BB /* ScrollViewController.swift */,
			);
			path = Temporary;
			sourceTree = "<group>";
		};
		2F8836832451CA9F00EF8683 /* Supporting files */ = {
			isa = PBXGroup;
			children = (
				2F9F4822244DD6FD004AC276 /* Assets.xcassets */,
				2F9F4819244DD6F9004AC276 /* AppDelegate.swift */,
				2F9F481B244DD6F9004AC276 /* SceneDelegate.swift */,
			);
			path = "Supporting files";
			sourceTree = "<group>";
		};
		2F8836842451CB1F00EF8683 /* Models */ = {
			isa = PBXGroup;
			children = (
				2F8836812451C8D700EF8683 /* Keyboard.swift */,
				2F3623E8245DF8B200895DE0 /* IndividualNumber.swift */,
				2F9287802458338200308166 /* Chat.swift */,
				2F47DEBB24587E2500CF5A84 /* Message.swift */,
				2F3C1D3A2452F4360077C24F /* Validation.swift */,
			);
			path = Models;
			sourceTree = "<group>";
		};
		2F8836852451CB2C00EF8683 /* Controllers */ = {
			isa = PBXGroup;
			children = (
				2F9F482F244DDCA4004AC276 /* LoginViewController.swift */,
				2F50CC162450BEFC0037FD47 /* RegistrationViewController.swift */,
				2F47DEB924587D3B00CF5A84 /* ChatViewController.swift */,
				2F3C1D4C24531DEF0077C24F /* ProfileViewController.swift */,
				2FA40054245F72E00062FF8A /* ChatsCollectionViewController.swift */,
				2F75D3CA2457007700A1AC2C /* TabBarController.swift */,
			);
			path = Controllers;
			sourceTree = "<group>";
		};
		2F92877D2458331D00308166 /* Protocols  */ = {
			isa = PBXGroup;
			children = (
				2F8836862451F5AD00EF8683 /* DataDelegate.swift */,
				2F92877E2458333600308166 /* DatabaseRepresentation.swift */,
			);
			path = "Protocols ";
			sourceTree = "<group>";
		};
		2F9F480D244DD6F8004AC276 = {
			isa = PBXGroup;
			children = (
				2F9F4818244DD6F9004AC276 /* SClub */,
				2F3C1D412452FEAD0077C24F /* SClubTests */,
				2F9F4817244DD6F9004AC276 /* Products */,
				18346A79559E0F46C3964F3A /* Pods */,
				EFB3595BC0A498EFAC902283 /* Frameworks */,
			);
			sourceTree = "<group>";
		};
		2F9F4817244DD6F9004AC276 /* Products */ = {
			isa = PBXGroup;
			children = (
				2F9F4816244DD6F9004AC276 /* SClub.app */,
				2F3C1D402452FEAD0077C24F /* SClubTests.xctest */,
			);
			name = Products;
			sourceTree = "<group>";
		};
		2F9F4818244DD6F9004AC276 /* SClub */ = {
			isa = PBXGroup;
			children = (
				2F8836832451CA9F00EF8683 /* Supporting files */,
				2F8836852451CB2C00EF8683 /* Controllers */,
				2F8836842451CB1F00EF8683 /* Models */,
				2FB8C7E12461CEBD00E27DE8 /* Cells */,
				2F92877D2458331D00308166 /* Protocols  */,
				2FCAE8CF245C45BB004B7014 /* Extensions  */,
				2F75D3CE2457149100A1AC2C /* Temporary */,
				2F9F481F244DD6F9004AC276 /* Main.storyboard */,
				2F9F4824244DD6FD004AC276 /* LaunchScreen.storyboard */,
				2F50CC1424507A310037FD47 /* GoogleService-Info.plist */,
				2F9F4827244DD6FD004AC276 /* Info.plist */,
			);
			path = SClub;
			sourceTree = "<group>";
		};
		2FB8C7E12461CEBD00E27DE8 /* Cells */ = {
			isa = PBXGroup;
			children = (
				2FCC01812460C07100FA0E48 /* TableColleCollectionViewCell.swift */,
				2FCC01822460C07100FA0E48 /* TableColleCollectionViewCell.xib */,
			);
			path = Cells;
			sourceTree = "<group>";
		};
		2FCAE8CF245C45BB004B7014 /* Extensions  */ = {
			isa = PBXGroup;
			children = (
				2FCAE8D0245C4694004B7014 /* ChatViewExtensions.swift */,
				2FCAE8D4245C4CB7004B7014 /* UIColorExtensions.swift */,
				2F3623EA245DFD7D00895DE0 /* UIVIewExtensions.swift */,
				2FCAE8D2245C46FA004B7014 /* UIScrollViewExtensions.swift */,
			);
			path = "Extensions ";
			sourceTree = "<group>";
		};
		EFB3595BC0A498EFAC902283 /* Frameworks */ = {
			isa = PBXGroup;
			children = (
				334695ECD602ED345A3F77DD /* Pods_SClub.framework */,
			);
			name = Frameworks;
			sourceTree = "<group>";
		};
/* End PBXGroup section */

/* Begin PBXNativeTarget section */
		2F3C1D3F2452FEAD0077C24F /* SClubTests */ = {
			isa = PBXNativeTarget;
			buildConfigurationList = 2F3C1D472452FEAD0077C24F /* Build configuration list for PBXNativeTarget "SClubTests" */;
			buildPhases = (
				2F3C1D3C2452FEAD0077C24F /* Sources */,
				2F3C1D3D2452FEAD0077C24F /* Frameworks */,
				2F3C1D3E2452FEAD0077C24F /* Resources */,
			);
			buildRules = (
			);
			dependencies = (
				2F3C1D462452FEAD0077C24F /* PBXTargetDependency */,
			);
			name = SClubTests;
			productName = SClubTests;
			productReference = 2F3C1D402452FEAD0077C24F /* SClubTests.xctest */;
			productType = "com.apple.product-type.bundle.unit-test";
		};
		2F9F4815244DD6F9004AC276 /* SClub */ = {
			isa = PBXNativeTarget;
			buildConfigurationList = 2F9F482A244DD6FD004AC276 /* Build configuration list for PBXNativeTarget "SClub" */;
			buildPhases = (
				3E36053476046AB4DD597BC4 /* [CP] Check Pods Manifest.lock */,
				2F9F4812244DD6F9004AC276 /* Sources */,
				2F9F4813244DD6F9004AC276 /* Frameworks */,
				2F9F4814244DD6F9004AC276 /* Resources */,
				0CE986BB2833B5A0CB350B6F /* [CP] Embed Pods Frameworks */,
			);
			buildRules = (
			);
			dependencies = (
			);
			name = SClub;
			productName = SClub;
			productReference = 2F9F4816244DD6F9004AC276 /* SClub.app */;
			productType = "com.apple.product-type.application";
		};
/* End PBXNativeTarget section */

/* Begin PBXProject section */
		2F9F480E244DD6F9004AC276 /* Project object */ = {
			isa = PBXProject;
			attributes = {
				LastSwiftUpdateCheck = 1130;
				LastUpgradeCheck = 1130;
				ORGANIZATIONNAME = com.Sultan;
				TargetAttributes = {
					2F3C1D3F2452FEAD0077C24F = {
						CreatedOnToolsVersion = 11.3.1;
						TestTargetID = 2F9F4815244DD6F9004AC276;
					};
					2F9F4815244DD6F9004AC276 = {
						CreatedOnToolsVersion = 11.3.1;
					};
				};
			};
			buildConfigurationList = 2F9F4811244DD6F9004AC276 /* Build configuration list for PBXProject "SClub" */;
			compatibilityVersion = "Xcode 9.3";
			developmentRegion = en;
			hasScannedForEncodings = 0;
			knownRegions = (
				en,
				Base,
			);
			mainGroup = 2F9F480D244DD6F8004AC276;
			productRefGroup = 2F9F4817244DD6F9004AC276 /* Products */;
			projectDirPath = "";
			projectRoot = "";
			targets = (
				2F9F4815244DD6F9004AC276 /* SClub */,
				2F3C1D3F2452FEAD0077C24F /* SClubTests */,
			);
		};
/* End PBXProject section */

/* Begin PBXResourcesBuildPhase section */
		2F3C1D3E2452FEAD0077C24F /* Resources */ = {
			isa = PBXResourcesBuildPhase;
			buildActionMask = 2147483647;
			files = (
			);
			runOnlyForDeploymentPostprocessing = 0;
		};
		2F9F4814244DD6F9004AC276 /* Resources */ = {
			isa = PBXResourcesBuildPhase;
			buildActionMask = 2147483647;
			files = (
				2F9F4826244DD6FD004AC276 /* LaunchScreen.storyboard in Resources */,
				2F50CC1524507A310037FD47 /* GoogleService-Info.plist in Resources */,
				2F9F4823244DD6FD004AC276 /* Assets.xcassets in Resources */,
				2F9F4821244DD6F9004AC276 /* Main.storyboard in Resources */,
				2FCC01842460C07100FA0E48 /* TableColleCollectionViewCell.xib in Resources */,
			);
			runOnlyForDeploymentPostprocessing = 0;
		};
/* End PBXResourcesBuildPhase section */

/* Begin PBXShellScriptBuildPhase section */
		0CE986BB2833B5A0CB350B6F /* [CP] Embed Pods Frameworks */ = {
			isa = PBXShellScriptBuildPhase;
			buildActionMask = 2147483647;
			files = (
			);
			inputFileListPaths = (
				"${PODS_ROOT}/Target Support Files/Pods-SClub/Pods-SClub-frameworks-${CONFIGURATION}-input-files.xcfilelist",
			);
			name = "[CP] Embed Pods Frameworks";
			outputFileListPaths = (
				"${PODS_ROOT}/Target Support Files/Pods-SClub/Pods-SClub-frameworks-${CONFIGURATION}-output-files.xcfilelist",
			);
			runOnlyForDeploymentPostprocessing = 0;
			shellPath = /bin/sh;
			shellScript = "\"${PODS_ROOT}/Target Support Files/Pods-SClub/Pods-SClub-frameworks.sh\"\n";
			showEnvVarsInLog = 0;
		};
		3E36053476046AB4DD597BC4 /* [CP] Check Pods Manifest.lock */ = {
			isa = PBXShellScriptBuildPhase;
			buildActionMask = 2147483647;
			files = (
			);
			inputFileListPaths = (
			);
			inputPaths = (
				"${PODS_PODFILE_DIR_PATH}/Podfile.lock",
				"${PODS_ROOT}/Manifest.lock",
			);
			name = "[CP] Check Pods Manifest.lock";
			outputFileListPaths = (
			);
			outputPaths = (
				"$(DERIVED_FILE_DIR)/Pods-SClub-checkManifestLockResult.txt",
			);
			runOnlyForDeploymentPostprocessing = 0;
			shellPath = /bin/sh;
			shellScript = "diff \"${PODS_PODFILE_DIR_PATH}/Podfile.lock\" \"${PODS_ROOT}/Manifest.lock\" > /dev/null\nif [ $? != 0 ] ; then\n    # print error to STDERR\n    echo \"error: The sandbox is not in sync with the Podfile.lock. Run 'pod install' or update your CocoaPods installation.\" >&2\n    exit 1\nfi\n# This output is used by Xcode 'outputs' to avoid re-running this script phase.\necho \"SUCCESS\" > \"${SCRIPT_OUTPUT_FILE_0}\"\n";
			showEnvVarsInLog = 0;
		};
/* End PBXShellScriptBuildPhase section */

/* Begin PBXSourcesBuildPhase section */
		2F3C1D3C2452FEAD0077C24F /* Sources */ = {
			isa = PBXSourcesBuildPhase;
			buildActionMask = 2147483647;
			files = (
				2F3C1D4B2452FF140077C24F /* ValidationTest.swift in Sources */,
			);
			runOnlyForDeploymentPostprocessing = 0;
		};
		2F9F4812244DD6F9004AC276 /* Sources */ = {
			isa = PBXSourcesBuildPhase;
			buildActionMask = 2147483647;
			files = (
				2FCAE8D3245C46FA004B7014 /* UIScrollViewExtensions.swift in Sources */,
				2F3623EB245DFD7D00895DE0 /* UIVIewExtensions.swift in Sources */,
				2F9287812458338200308166 /* Chat.swift in Sources */,
				2FCC01832460C07100FA0E48 /* TableColleCollectionViewCell.swift in Sources */,
				2F3623E9245DF8B200895DE0 /* IndividualNumber.swift in Sources */,
				2F8836822451C8D700EF8683 /* Keyboard.swift in Sources */,
				2F9F4830244DDCA4004AC276 /* LoginViewController.swift in Sources */,
				2F92877F2458333600308166 /* DatabaseRepresentation.swift in Sources */,
				2FF932E7246089BC0054F2BB /* ScrollViewController.swift in Sources */,
				2F8836872451F5AD00EF8683 /* DataDelegate.swift in Sources */,
				2F75D3CB2457007700A1AC2C /* TabBarController.swift in Sources */,
				2F9F481A244DD6F9004AC276 /* AppDelegate.swift in Sources */,
				2FA40055245F72E00062FF8A /* ChatsCollectionViewController.swift in Sources */,
				2FCAE8D5245C4CB7004B7014 /* UIColorExtensions.swift in Sources */,
				2F134A062457179C009CDDAF /* ChatsTableViewController.swift in Sources */,
				2F50CC172450BEFC0037FD47 /* RegistrationViewController.swift in Sources */,
				2F47DEBA24587D3B00CF5A84 /* ChatViewController.swift in Sources */,
				2F9F481C244DD6F9004AC276 /* SceneDelegate.swift in Sources */,
				2F47DEBC24587E2500CF5A84 /* Message.swift in Sources */,
				2F3C1D4D24531DEF0077C24F /* ProfileViewController.swift in Sources */,
				2FCAE8D1245C4694004B7014 /* ChatViewExtensions.swift in Sources */,
				2F42D22E245DBC930092E367 /* ResentlyTableViewController.swift in Sources */,
				2F3C1D3B2452F4360077C24F /* Validation.swift in Sources */,
			);
			runOnlyForDeploymentPostprocessing = 0;
		};
/* End PBXSourcesBuildPhase section */

/* Begin PBXTargetDependency section */
		2F3C1D462452FEAD0077C24F /* PBXTargetDependency */ = {
			isa = PBXTargetDependency;
			target = 2F9F4815244DD6F9004AC276 /* SClub */;
			targetProxy = 2F3C1D452452FEAD0077C24F /* PBXContainerItemProxy */;
		};
/* End PBXTargetDependency section */

/* Begin PBXVariantGroup section */
		2F9F481F244DD6F9004AC276 /* Main.storyboard */ = {
			isa = PBXVariantGroup;
			children = (
				2F9F4820244DD6F9004AC276 /* Base */,
			);
			name = Main.storyboard;
			sourceTree = "<group>";
		};
		2F9F4824244DD6FD004AC276 /* LaunchScreen.storyboard */ = {
			isa = PBXVariantGroup;
			children = (
				2F9F4825244DD6FD004AC276 /* Base */,
			);
			name = LaunchScreen.storyboard;
			sourceTree = "<group>";
		};
/* End PBXVariantGroup section */

/* Begin XCBuildConfiguration section */
		2F3C1D482452FEAD0077C24F /* Debug */ = {
			isa = XCBuildConfiguration;
			buildSettings = {
				BUNDLE_LOADER = "$(TEST_HOST)";
				CODE_SIGN_STYLE = Automatic;
				DEVELOPMENT_TEAM = 93LQDKX637;
				INFOPLIST_FILE = SClubTests/Info.plist;
				LD_RUNPATH_SEARCH_PATHS = (
					"$(inherited)",
					"@executable_path/Frameworks",
					"@loader_path/Frameworks",
				);
				PRODUCT_BUNDLE_IDENTIFIER = com.diploma.SClub.SClubTests;
				PRODUCT_NAME = "$(TARGET_NAME)";
				SWIFT_VERSION = 5.0;
				TARGETED_DEVICE_FAMILY = "1,2";
				TEST_HOST = "$(BUILT_PRODUCTS_DIR)/SClub.app/SClub";
			};
			name = Debug;
		};
		2F3C1D492452FEAD0077C24F /* Release */ = {
			isa = XCBuildConfiguration;
			buildSettings = {
				BUNDLE_LOADER = "$(TEST_HOST)";
				CODE_SIGN_STYLE = Automatic;
				DEVELOPMENT_TEAM = 93LQDKX637;
				INFOPLIST_FILE = SClubTests/Info.plist;
				LD_RUNPATH_SEARCH_PATHS = (
					"$(inherited)",
					"@executable_path/Frameworks",
					"@loader_path/Frameworks",
				);
				PRODUCT_BUNDLE_IDENTIFIER = com.diploma.SClub.SClubTests;
				PRODUCT_NAME = "$(TARGET_NAME)";
				SWIFT_VERSION = 5.0;
				TARGETED_DEVICE_FAMILY = "1,2";
				TEST_HOST = "$(BUILT_PRODUCTS_DIR)/SClub.app/SClub";
			};
			name = Release;
		};
		2F9F4828244DD6FD004AC276 /* Debug */ = {
			isa = XCBuildConfiguration;
			buildSettings = {
				ALWAYS_SEARCH_USER_PATHS = NO;
				CLANG_ANALYZER_NONNULL = YES;
				CLANG_ANALYZER_NUMBER_OBJECT_CONVERSION = YES_AGGRESSIVE;
				CLANG_CXX_LANGUAGE_STANDARD = "gnu++14";
				CLANG_CXX_LIBRARY = "libc++";
				CLANG_ENABLE_MODULES = YES;
				CLANG_ENABLE_OBJC_ARC = YES;
				CLANG_ENABLE_OBJC_WEAK = YES;
				CLANG_WARN_BLOCK_CAPTURE_AUTORELEASING = YES;
				CLANG_WARN_BOOL_CONVERSION = YES;
				CLANG_WARN_COMMA = YES;
				CLANG_WARN_CONSTANT_CONVERSION = YES;
				CLANG_WARN_DEPRECATED_OBJC_IMPLEMENTATIONS = YES;
				CLANG_WARN_DIRECT_OBJC_ISA_USAGE = YES_ERROR;
				CLANG_WARN_DOCUMENTATION_COMMENTS = YES;
				CLANG_WARN_EMPTY_BODY = YES;
				CLANG_WARN_ENUM_CONVERSION = YES;
				CLANG_WARN_INFINITE_RECURSION = YES;
				CLANG_WARN_INT_CONVERSION = YES;
				CLANG_WARN_NON_LITERAL_NULL_CONVERSION = YES;
				CLANG_WARN_OBJC_IMPLICIT_RETAIN_SELF = YES;
				CLANG_WARN_OBJC_LITERAL_CONVERSION = YES;
				CLANG_WARN_OBJC_ROOT_CLASS = YES_ERROR;
				CLANG_WARN_RANGE_LOOP_ANALYSIS = YES;
				CLANG_WARN_STRICT_PROTOTYPES = YES;
				CLANG_WARN_SUSPICIOUS_MOVE = YES;
				CLANG_WARN_UNGUARDED_AVAILABILITY = YES_AGGRESSIVE;
				CLANG_WARN_UNREACHABLE_CODE = YES;
				CLANG_WARN__DUPLICATE_METHOD_MATCH = YES;
				COPY_PHASE_STRIP = NO;
				DEBUG_INFORMATION_FORMAT = dwarf;
				ENABLE_STRICT_OBJC_MSGSEND = YES;
				ENABLE_TESTABILITY = YES;
				GCC_C_LANGUAGE_STANDARD = gnu11;
				GCC_DYNAMIC_NO_PIC = NO;
				GCC_NO_COMMON_BLOCKS = YES;
				GCC_OPTIMIZATION_LEVEL = 0;
				GCC_PREPROCESSOR_DEFINITIONS = (
					"DEBUG=1",
					"$(inherited)",
				);
				GCC_WARN_64_TO_32_BIT_CONVERSION = YES;
				GCC_WARN_ABOUT_RETURN_TYPE = YES_ERROR;
				GCC_WARN_UNDECLARED_SELECTOR = YES;
				GCC_WARN_UNINITIALIZED_AUTOS = YES_AGGRESSIVE;
				GCC_WARN_UNUSED_FUNCTION = YES;
				GCC_WARN_UNUSED_VARIABLE = YES;
				IPHONEOS_DEPLOYMENT_TARGET = 13.2;
				MTL_ENABLE_DEBUG_INFO = INCLUDE_SOURCE;
				MTL_FAST_MATH = YES;
				ONLY_ACTIVE_ARCH = YES;
				SDKROOT = iphoneos;
				SWIFT_ACTIVE_COMPILATION_CONDITIONS = DEBUG;
				SWIFT_OPTIMIZATION_LEVEL = "-Onone";
			};
			name = Debug;
		};
		2F9F4829244DD6FD004AC276 /* Release */ = {
			isa = XCBuildConfiguration;
			buildSettings = {
				ALWAYS_SEARCH_USER_PATHS = NO;
				CLANG_ANALYZER_NONNULL = YES;
				CLANG_ANALYZER_NUMBER_OBJECT_CONVERSION = YES_AGGRESSIVE;
				CLANG_CXX_LANGUAGE_STANDARD = "gnu++14";
				CLANG_CXX_LIBRARY = "libc++";
				CLANG_ENABLE_MODULES = YES;
				CLANG_ENABLE_OBJC_ARC = YES;
				CLANG_ENABLE_OBJC_WEAK = YES;
				CLANG_WARN_BLOCK_CAPTURE_AUTORELEASING = YES;
				CLANG_WARN_BOOL_CONVERSION = YES;
				CLANG_WARN_COMMA = YES;
				CLANG_WARN_CONSTANT_CONVERSION = YES;
				CLANG_WARN_DEPRECATED_OBJC_IMPLEMENTATIONS = YES;
				CLANG_WARN_DIRECT_OBJC_ISA_USAGE = YES_ERROR;
				CLANG_WARN_DOCUMENTATION_COMMENTS = YES;
				CLANG_WARN_EMPTY_BODY = YES;
				CLANG_WARN_ENUM_CONVERSION = YES;
				CLANG_WARN_INFINITE_RECURSION = YES;
				CLANG_WARN_INT_CONVERSION = YES;
				CLANG_WARN_NON_LITERAL_NULL_CONVERSION = YES;
				CLANG_WARN_OBJC_IMPLICIT_RETAIN_SELF = YES;
				CLANG_WARN_OBJC_LITERAL_CONVERSION = YES;
				CLANG_WARN_OBJC_ROOT_CLASS = YES_ERROR;
				CLANG_WARN_RANGE_LOOP_ANALYSIS = YES;
				CLANG_WARN_STRICT_PROTOTYPES = YES;
				CLANG_WARN_SUSPICIOUS_MOVE = YES;
				CLANG_WARN_UNGUARDED_AVAILABILITY = YES_AGGRESSIVE;
				CLANG_WARN_UNREACHABLE_CODE = YES;
				CLANG_WARN__DUPLICATE_METHOD_MATCH = YES;
				COPY_PHASE_STRIP = NO;
				DEBUG_INFORMATION_FORMAT = "dwarf-with-dsym";
				ENABLE_NS_ASSERTIONS = NO;
				ENABLE_STRICT_OBJC_MSGSEND = YES;
				GCC_C_LANGUAGE_STANDARD = gnu11;
				GCC_NO_COMMON_BLOCKS = YES;
				GCC_WARN_64_TO_32_BIT_CONVERSION = YES;
				GCC_WARN_ABOUT_RETURN_TYPE = YES_ERROR;
				GCC_WARN_UNDECLARED_SELECTOR = YES;
				GCC_WARN_UNINITIALIZED_AUTOS = YES_AGGRESSIVE;
				GCC_WARN_UNUSED_FUNCTION = YES;
				GCC_WARN_UNUSED_VARIABLE = YES;
				IPHONEOS_DEPLOYMENT_TARGET = 13.2;
				MTL_ENABLE_DEBUG_INFO = NO;
				MTL_FAST_MATH = YES;
				SDKROOT = iphoneos;
				SWIFT_COMPILATION_MODE = wholemodule;
				SWIFT_OPTIMIZATION_LEVEL = "-O";
				VALIDATE_PRODUCT = YES;
			};
			name = Release;
		};
		2F9F482B244DD6FD004AC276 /* Debug */ = {
			isa = XCBuildConfiguration;
			baseConfigurationReference = 2A6519A1C9235177B25B8524 /* Pods-SClub.debug.xcconfig */;
			buildSettings = {
				ASSETCATALOG_COMPILER_APPICON_NAME = AppIcon;
				CODE_SIGN_STYLE = Automatic;
				DEVELOPMENT_TEAM = 93LQDKX637;
				INFOPLIST_FILE = SClub/Info.plist;
				LD_RUNPATH_SEARCH_PATHS = (
					"$(inherited)",
					"@executable_path/Frameworks",
				);
				PRODUCT_BUNDLE_IDENTIFIER = com.diploma.SClub;
				PRODUCT_NAME = "$(TARGET_NAME)";
				SWIFT_VERSION = 5.0;
				TARGETED_DEVICE_FAMILY = 1;
			};
			name = Debug;
		};
		2F9F482C244DD6FD004AC276 /* Release */ = {
			isa = XCBuildConfiguration;
			baseConfigurationReference = 0C7663CBDEC687EECC57D88C /* Pods-SClub.release.xcconfig */;
			buildSettings = {
				ASSETCATALOG_COMPILER_APPICON_NAME = AppIcon;
				CODE_SIGN_STYLE = Automatic;
				DEVELOPMENT_TEAM = 93LQDKX637;
				INFOPLIST_FILE = SClub/Info.plist;
				LD_RUNPATH_SEARCH_PATHS = (
					"$(inherited)",
					"@executable_path/Frameworks",
				);
				PRODUCT_BUNDLE_IDENTIFIER = com.diploma.SClub;
				PRODUCT_NAME = "$(TARGET_NAME)";
				SWIFT_VERSION = 5.0;
				TARGETED_DEVICE_FAMILY = 1;
			};
			name = Release;
		};
/* End XCBuildConfiguration section */

/* Begin XCConfigurationList section */
		2F3C1D472452FEAD0077C24F /* Build configuration list for PBXNativeTarget "SClubTests" */ = {
			isa = XCConfigurationList;
			buildConfigurations = (
				2F3C1D482452FEAD0077C24F /* Debug */,
				2F3C1D492452FEAD0077C24F /* Release */,
			);
			defaultConfigurationIsVisible = 0;
			defaultConfigurationName = Release;
		};
		2F9F4811244DD6F9004AC276 /* Build configuration list for PBXProject "SClub" */ = {
			isa = XCConfigurationList;
			buildConfigurations = (
				2F9F4828244DD6FD004AC276 /* Debug */,
				2F9F4829244DD6FD004AC276 /* Release */,
			);
			defaultConfigurationIsVisible = 0;
			defaultConfigurationName = Release;
		};
		2F9F482A244DD6FD004AC276 /* Build configuration list for PBXNativeTarget "SClub" */ = {
			isa = XCConfigurationList;
			buildConfigurations = (
				2F9F482B244DD6FD004AC276 /* Debug */,
				2F9F482C244DD6FD004AC276 /* Release */,
			);
			defaultConfigurationIsVisible = 0;
			defaultConfigurationName = Release;
		};
/* End XCConfigurationList section */
	};
	rootObject = 2F9F480E244DD6F9004AC276 /* Project object */;
}
